
Microsoft Visual Studio Solution File, Format Version 12.00
# Visual Studio 15
VisualStudioVersion = 15.0.27428.2015
MinimumVisualStudioVersion = 10.0.40219.1
Project("{FAE04EC0-301F-11D3-BF4B-00C04F79EFBC}") = "Observer", "Observer\Observer.csproj", "{DC28A580-7132-46DB-9707-50FAB25D32FB}"
EndProject
Project("{FAE04EC0-301F-11D3-BF4B-00C04F79EFBC}") = "ObserverTests", "ObserverTests\ObserverTests.csproj", "{9DD1CEFC-D2C1-4A29-9DB3-8755C6D99308}"
EndProject
Global
	GlobalSection(SolutionConfigurationPlatforms) = preSolution
		Debug|Any CPU = Debug|Any CPU
		Release|Any CPU = Release|Any CPU
	EndGlobalSection
	GlobalSection(ProjectConfigurationPlatforms) = postSolution
		{DC28A580-7132-46DB-9707-50FAB25D32FB}.Debug|Any CPU.ActiveCfg = Debug|Any CPU
		{DC28A580-7132-46DB-9707-50FAB25D32FB}.Debug|Any CPU.Build.0 = Debug|Any CPU
		{DC28A580-7132-46DB-9707-50FAB25D32FB}.Release|Any CPU.ActiveCfg = Release|Any CPU
		{DC28A580-7132-46DB-9707-50FAB25D32FB}.Release|Any CPU.Build.0 = Release|Any CPU
		{9DD1CEFC-D2C1-4A29-9DB3-8755C6D99308}.Debug|Any CPU.ActiveCfg = Debug|Any CPU
		{9DD1CEFC-D2C1-4A29-9DB3-8755C6D99308}.Debug|Any CPU.Build.0 = Debug|Any CPU
		{9DD1CEFC-D2C1-4A29-9DB3-8755C6D99308}.Release|Any CPU.ActiveCfg = Release|Any CPU
		{9DD1CEFC-D2C1-4A29-9DB3-8755C6D99308}.Release|Any CPU.Build.0 = Release|Any CPU
	EndGlobalSection
	GlobalSection(SolutionProperties) = preSolution
		HideSolutionNode = FALSE
	EndGlobalSection
	GlobalSection(ExtensibilityGlobals) = postSolution
		SolutionGuid = {B57C5B89-B9A5-437F-BAA8-2FF4F90A35CA}
	EndGlobalSection
EndGlobal
